
Microsoft Visual Studio Solution File, Format Version 12.00
# Visual Studio Version 16
VisualStudioVersion = 16.0.29306.81
MinimumVisualStudioVersion = 10.0.40219.1
Project("{FAE04EC0-301F-11D3-BF4B-00C04F79EFBC}") = "city-scraper-api", "city-scraper-api\city-scraper-api.csproj", "{14E16F97-2604-4461-A265-2E6418BB5355}"
EndProject
Global
	GlobalSection(SolutionConfigurationPlatforms) = preSolution
		Debug|Any CPU = Debug|Any CPU
		Release|Any CPU = Release|Any CPU
	EndGlobalSection
	GlobalSection(ProjectConfigurationPlatforms) = postSolution
		{14E16F97-2604-4461-A265-2E6418BB5355}.Debug|Any CPU.ActiveCfg = Debug|Any CPU
		{14E16F97-2604-4461-A265-2E6418BB5355}.Debug|Any CPU.Build.0 = Debug|Any CPU
		{14E16F97-2604-4461-A265-2E6418BB5355}.Release|Any CPU.ActiveCfg = Release|Any CPU
		{14E16F97-2604-4461-A265-2E6418BB5355}.Release|Any CPU.Build.0 = Release|Any CPU
	EndGlobalSection
	GlobalSection(SolutionProperties) = preSolution
		HideSolutionNode = FALSE
	EndGlobalSection
	GlobalSection(ExtensibilityGlobals) = postSolution
		SolutionGuid = {E9891D0B-1D4D-4485-B017-E2BED02C54D8}
	EndGlobalSection
EndGlobal
